
Microsoft Visual Studio Solution File, Format Version 12.00
# Visual Studio Version 17
VisualStudioVersion = 17.2.32526.322
MinimumVisualStudioVersion = 10.0.40219.1
Project("{FAE04EC0-301F-11D3-BF4B-00C04F79EFBC}") = "WebApiAutores", "WebApiAutores\WebApiAutores.csproj", "{1BA206A0-09BB-4124-928B-0593CB93320B}"
EndProject
Global
	GlobalSection(SolutionConfigurationPlatforms) = preSolution
		Debug|Any CPU = Debug|Any CPU
		Release|Any CPU = Release|Any CPU
	EndGlobalSection
	GlobalSection(ProjectConfigurationPlatforms) = postSolution
		{1BA206A0-09BB-4124-928B-0593CB93320B}.Debug|Any CPU.ActiveCfg = Debug|Any CPU
		{1BA206A0-09BB-4124-928B-0593CB93320B}.Debug|Any CPU.Build.0 = Debug|Any CPU
		{1BA206A0-09BB-4124-928B-0593CB93320B}.Release|Any CPU.ActiveCfg = Release|Any CPU
		{1BA206A0-09BB-4124-928B-0593CB93320B}.Release|Any CPU.Build.0 = Release|Any CPU
	EndGlobalSection
	GlobalSection(SolutionProperties) = preSolution
		HideSolutionNode = FALSE
	EndGlobalSection
	GlobalSection(ExtensibilityGlobals) = postSolution
		SolutionGuid = {B72B1754-F12A-4EF5-9958-D712FDCE2B90}
	EndGlobalSection
EndGlobal
